// !$*UTF8*$!
{
	archiveVersion = 1;
	classes = {
	};
	objectVersion = 55;
	objects = {

/* Begin PBXBuildFile section */
		F462A9362799AA4B00A0CEC6 /* SDWebImageSwiftUI_SampleApp.swift in Sources */ = {isa = PBXBuildFile; fileRef = F462A9352799AA4B00A0CEC6 /* SDWebImageSwiftUI_SampleApp.swift */; };
		F462A9382799AA4B00A0CEC6 /* ContentView.swift in Sources */ = {isa = PBXBuildFile; fileRef = F462A9372799AA4B00A0CEC6 /* ContentView.swift */; };
		F462A93A2799AA4D00A0CEC6 /* Assets.xcassets in Resources */ = {isa = PBXBuildFile; fileRef = F462A9392799AA4D00A0CEC6 /* Assets.xcassets */; };
		F462A93D2799AA4D00A0CEC6 /* Preview Assets.xcassets in Resources */ = {isa = PBXBuildFile; fileRef = F462A93C2799AA4D00A0CEC6 /* Preview Assets.xcassets */; };
		F462A93F2799AA4D00A0CEC6 /* Persistence.swift in Sources */ = {isa = PBXBuildFile; fileRef = F462A93E2799AA4D00A0CEC6 /* Persistence.swift */; };
		F462A9422799AA4D00A0CEC6 /* SDWebImageSwiftUI_Sample.xcdatamodeld in Sources */ = {isa = PBXBuildFile; fileRef = F462A9402799AA4D00A0CEC6 /* SDWebImageSwiftUI_Sample.xcdatamodeld */; };
		F462A94C2799AA4E00A0CEC6 /* SDWebImageSwiftUI_SampleTests.swift in Sources */ = {isa = PBXBuildFile; fileRef = F462A94B2799AA4E00A0CEC6 /* SDWebImageSwiftUI_SampleTests.swift */; };
		F462A9562799AA4E00A0CEC6 /* SDWebImageSwiftUI_SampleUITests.swift in Sources */ = {isa = PBXBuildFile; fileRef = F462A9552799AA4E00A0CEC6 /* SDWebImageSwiftUI_SampleUITests.swift */; };
		F462A9582799AA4E00A0CEC6 /* SDWebImageSwiftUI_SampleUITestsLaunchTests.swift in Sources */ = {isa = PBXBuildFile; fileRef = F462A9572799AA4E00A0CEC6 /* SDWebImageSwiftUI_SampleUITestsLaunchTests.swift */; };
/* End PBXBuildFile section */

/* Begin PBXContainerItemProxy section */
		F462A9482799AA4E00A0CEC6 /* PBXContainerItemProxy */ = {
			isa = PBXContainerItemProxy;
			containerPortal = F462A92A2799AA4B00A0CEC6 /* Project object */;
			proxyType = 1;
			remoteGlobalIDString = F462A9312799AA4B00A0CEC6;
			remoteInfo = "SDWebImageSwiftUI-Sample";
		};
		F462A9522799AA4E00A0CEC6 /* PBXContainerItemProxy */ = {
			isa = PBXContainerItemProxy;
			containerPortal = F462A92A2799AA4B00A0CEC6 /* Project object */;
			proxyType = 1;
			remoteGlobalIDString = F462A9312799AA4B00A0CEC6;
			remoteInfo = "SDWebImageSwiftUI-Sample";
		};
/* End PBXContainerItemProxy section */

/* Begin PBXFileReference section */
		F462A9322799AA4B00A0CEC6 /* SDWebImageSwiftUI-Sample.app */ = {isa = PBXFileReference; explicitFileType = wrapper.application; includeInIndex = 0; path = "SDWebImageSwiftUI-Sample.app"; sourceTree = BUILT_PRODUCTS_DIR; };
		F462A9352799AA4B00A0CEC6 /* SDWebImageSwiftUI_SampleApp.swift */ = {isa = PBXFileReference; lastKnownFileType = sourcecode.swift; path = SDWebImageSwiftUI_SampleApp.swift; sourceTree = "<group>"; };
		F462A9372799AA4B00A0CEC6 /* ContentView.swift */ = {isa = PBXFileReference; lastKnownFileType = sourcecode.swift; path = ContentView.swift; sourceTree = "<group>"; };
		F462A9392799AA4D00A0CEC6 /* Assets.xcassets */ = {isa = PBXFileReference; lastKnownFileType = folder.assetcatalog; path = Assets.xcassets; sourceTree = "<group>"; };
		F462A93C2799AA4D00A0CEC6 /* Preview Assets.xcassets */ = {isa = PBXFileReference; lastKnownFileType = folder.assetcatalog; path = "Preview Assets.xcassets"; sourceTree = "<group>"; };
		F462A93E2799AA4D00A0CEC6 /* Persistence.swift */ = {isa = PBXFileReference; lastKnownFileType = sourcecode.swift; path = Persistence.swift; sourceTree = "<group>"; };
		F462A9412799AA4D00A0CEC6 /* SDWebImageSwiftUI_Sample.xcdatamodel */ = {isa = PBXFileReference; lastKnownFileType = wrapper.xcdatamodel; path = SDWebImageSwiftUI_Sample.xcdatamodel; sourceTree = "<group>"; };
		F462A9472799AA4E00A0CEC6 /* SDWebImageSwiftUI-SampleTests.xctest */ = {isa = PBXFileReference; explicitFileType = wrapper.cfbundle; includeInIndex = 0; path = "SDWebImageSwiftUI-SampleTests.xctest"; sourceTree = BUILT_PRODUCTS_DIR; };
		F462A94B2799AA4E00A0CEC6 /* SDWebImageSwiftUI_SampleTests.swift */ = {isa = PBXFileReference; lastKnownFileType = sourcecode.swift; path = SDWebImageSwiftUI_SampleTests.swift; sourceTree = "<group>"; };
		F462A9512799AA4E00A0CEC6 /* SDWebImageSwiftUI-SampleUITests.xctest */ = {isa = PBXFileReference; explicitFileType = wrapper.cfbundle; includeInIndex = 0; path = "SDWebImageSwiftUI-SampleUITests.xctest"; sourceTree = BUILT_PRODUCTS_DIR; };
		F462A9552799AA4E00A0CEC6 /* SDWebImageSwiftUI_SampleUITests.swift */ = {isa = PBXFileReference; lastKnownFileType = sourcecode.swift; path = SDWebImageSwiftUI_SampleUITests.swift; sourceTree = "<group>"; };
		F462A9572799AA4E00A0CEC6 /* SDWebImageSwiftUI_SampleUITestsLaunchTests.swift */ = {isa = PBXFileReference; lastKnownFileType = sourcecode.swift; path = SDWebImageSwiftUI_SampleUITestsLaunchTests.swift; sourceTree = "<group>"; };
/* End PBXFileReference section */

/* Begin PBXFrameworksBuildPhase section */
		F462A92F2799AA4B00A0CEC6 /* Frameworks */ = {
			isa = PBXFrameworksBuildPhase;
			buildActionMask = 2147483647;
			files = (
			);
			runOnlyForDeploymentPostprocessing = 0;
		};
		F462A9442799AA4E00A0CEC6 /* Frameworks */ = {
			isa = PBXFrameworksBuildPhase;
			buildActionMask = 2147483647;
			files = (
			);
			runOnlyForDeploymentPostprocessing = 0;
		};
		F462A94E2799AA4E00A0CEC6 /* Frameworks */ = {
			isa = PBXFrameworksBuildPhase;
			buildActionMask = 2147483647;
			files = (
			);
			runOnlyForDeploymentPostprocessing = 0;
		};
/* End PBXFrameworksBuildPhase section */

/* Begin PBXGroup section */
		F462A9292799AA4B00A0CEC6 = {
			isa = PBXGroup;
			children = (
				F462A9342799AA4B00A0CEC6 /* SDWebImageSwiftUI-Sample */,
				F462A94A2799AA4E00A0CEC6 /* SDWebImageSwiftUI-SampleTests */,
				F462A9542799AA4E00A0CEC6 /* SDWebImageSwiftUI-SampleUITests */,
				F462A9332799AA4B00A0CEC6 /* Products */,
			);
			sourceTree = "<group>";
		};
		F462A9332799AA4B00A0CEC6 /* Products */ = {
			isa = PBXGroup;
			children = (
				F462A9322799AA4B00A0CEC6 /* SDWebImageSwiftUI-Sample.app */,
				F462A9472799AA4E00A0CEC6 /* SDWebImageSwiftUI-SampleTests.xctest */,
				F462A9512799AA4E00A0CEC6 /* SDWebImageSwiftUI-SampleUITests.xctest */,
			);
			name = Products;
			sourceTree = "<group>";
		};
		F462A9342799AA4B00A0CEC6 /* SDWebImageSwiftUI-Sample */ = {
			isa = PBXGroup;
			children = (
				F462A9352799AA4B00A0CEC6 /* SDWebImageSwiftUI_SampleApp.swift */,
				F462A9372799AA4B00A0CEC6 /* ContentView.swift */,
				F462A9392799AA4D00A0CEC6 /* Assets.xcassets */,
				F462A93E2799AA4D00A0CEC6 /* Persistence.swift */,
				F462A9402799AA4D00A0CEC6 /* SDWebImageSwiftUI_Sample.xcdatamodeld */,
				F462A93B2799AA4D00A0CEC6 /* Preview Content */,
			);
			path = "SDWebImageSwiftUI-Sample";
			sourceTree = "<group>";
		};
		F462A93B2799AA4D00A0CEC6 /* Preview Content */ = {
			isa = PBXGroup;
			children = (
				F462A93C2799AA4D00A0CEC6 /* Preview Assets.xcassets */,
			);
			path = "Preview Content";
			sourceTree = "<group>";
		};
		F462A94A2799AA4E00A0CEC6 /* SDWebImageSwiftUI-SampleTests */ = {
			isa = PBXGroup;
			children = (
				F462A94B2799AA4E00A0CEC6 /* SDWebImageSwiftUI_SampleTests.swift */,
			);
			path = "SDWebImageSwiftUI-SampleTests";
			sourceTree = "<group>";
		};
		F462A9542799AA4E00A0CEC6 /* SDWebImageSwiftUI-SampleUITests */ = {
			isa = PBXGroup;
			children = (
				F462A9552799AA4E00A0CEC6 /* SDWebImageSwiftUI_SampleUITests.swift */,
				F462A9572799AA4E00A0CEC6 /* SDWebImageSwiftUI_SampleUITestsLaunchTests.swift */,
			);
			path = "SDWebImageSwiftUI-SampleUITests";
			sourceTree = "<group>";
		};
/* End PBXGroup section */

/* Begin PBXNativeTarget section */
		F462A9312799AA4B00A0CEC6 /* SDWebImageSwiftUI-Sample */ = {
			isa = PBXNativeTarget;
			buildConfigurationList = F462A95B2799AA4E00A0CEC6 /* Build configuration list for PBXNativeTarget "SDWebImageSwiftUI-Sample" */;
			buildPhases = (
				F462A92E2799AA4B00A0CEC6 /* Sources */,
				F462A92F2799AA4B00A0CEC6 /* Frameworks */,
				F462A9302799AA4B00A0CEC6 /* Resources */,
			);
			buildRules = (
			);
			dependencies = (
			);
			name = "SDWebImageSwiftUI-Sample";
			productName = "SDWebImageSwiftUI-Sample";
			productReference = F462A9322799AA4B00A0CEC6 /* SDWebImageSwiftUI-Sample.app */;
			productType = "com.apple.product-type.application";
		};
		F462A9462799AA4E00A0CEC6 /* SDWebImageSwiftUI-SampleTests */ = {
			isa = PBXNativeTarget;
			buildConfigurationList = F462A95E2799AA4E00A0CEC6 /* Build configuration list for PBXNativeTarget "SDWebImageSwiftUI-SampleTests" */;
			buildPhases = (
				F462A9432799AA4E00A0CEC6 /* Sources */,
				F462A9442799AA4E00A0CEC6 /* Frameworks */,
				F462A9452799AA4E00A0CEC6 /* Resources */,
			);
			buildRules = (
			);
			dependencies = (
				F462A9492799AA4E00A0CEC6 /* PBXTargetDependency */,
			);
			name = "SDWebImageSwiftUI-SampleTests";
			productName = "SDWebImageSwiftUI-SampleTests";
			productReference = F462A9472799AA4E00A0CEC6 /* SDWebImageSwiftUI-SampleTests.xctest */;
			productType = "com.apple.product-type.bundle.unit-test";
		};
		F462A9502799AA4E00A0CEC6 /* SDWebImageSwiftUI-SampleUITests */ = {
			isa = PBXNativeTarget;
			buildConfigurationList = F462A9612799AA4E00A0CEC6 /* Build configuration list for PBXNativeTarget "SDWebImageSwiftUI-SampleUITests" */;
			buildPhases = (
				F462A94D2799AA4E00A0CEC6 /* Sources */,
				F462A94E2799AA4E00A0CEC6 /* Frameworks */,
				F462A94F2799AA4E00A0CEC6 /* Resources */,
			);
			buildRules = (
			);
			dependencies = (
				F462A9532799AA4E00A0CEC6 /* PBXTargetDependency */,
			);
			name = "SDWebImageSwiftUI-SampleUITests";
			productName = "SDWebImageSwiftUI-SampleUITests";
			productReference = F462A9512799AA4E00A0CEC6 /* SDWebImageSwiftUI-SampleUITests.xctest */;
			productType = "com.apple.product-type.bundle.ui-testing";
		};
/* End PBXNativeTarget section */

/* Begin PBXProject section */
		F462A92A2799AA4B00A0CEC6 /* Project object */ = {
			isa = PBXProject;
			attributes = {
				BuildIndependentTargetsInParallel = 1;
				LastSwiftUpdateCheck = 1310;
				LastUpgradeCheck = 1310;
				TargetAttributes = {
					F462A9312799AA4B00A0CEC6 = {
						CreatedOnToolsVersion = 13.1;
					};
					F462A9462799AA4E00A0CEC6 = {
						CreatedOnToolsVersion = 13.1;
						TestTargetID = F462A9312799AA4B00A0CEC6;
					};
					F462A9502799AA4E00A0CEC6 = {
						CreatedOnToolsVersion = 13.1;
						TestTargetID = F462A9312799AA4B00A0CEC6;
					};
				};
			};
			buildConfigurationList = F462A92D2799AA4B00A0CEC6 /* Build configuration list for PBXProject "SDWebImageSwiftUI-Sample" */;
			compatibilityVersion = "Xcode 13.0";
			developmentRegion = en;
			hasScannedForEncodings = 0;
			knownRegions = (
				en,
				Base,
			);
			mainGroup = F462A9292799AA4B00A0CEC6;
			productRefGroup = F462A9332799AA4B00A0CEC6 /* Products */;
			projectDirPath = "";
			projectRoot = "";
			targets = (
				F462A9312799AA4B00A0CEC6 /* SDWebImageSwiftUI-Sample */,
				F462A9462799AA4E00A0CEC6 /* SDWebImageSwiftUI-SampleTests */,
				F462A9502799AA4E00A0CEC6 /* SDWebImageSwiftUI-SampleUITests */,
			);
		};
/* End PBXProject section */

/* Begin PBXResourcesBuildPhase section */
		F462A9302799AA4B00A0CEC6 /* Resources */ = {
			isa = PBXResourcesBuildPhase;
			buildActionMask = 2147483647;
			files = (
				F462A93D2799AA4D00A0CEC6 /* Preview Assets.xcassets in Resources */,
				F462A93A2799AA4D00A0CEC6 /* Assets.xcassets in Resources */,
			);
			runOnlyForDeploymentPostprocessing = 0;
		};
		F462A9452799AA4E00A0CEC6 /* Resources */ = {
			isa = PBXResourcesBuildPhase;
			buildActionMask = 2147483647;
			files = (
			);
			runOnlyForDeploymentPostprocessing = 0;
		};
		F462A94F2799AA4E00A0CEC6 /* Resources */ = {
			isa = PBXResourcesBuildPhase;
			buildActionMask = 2147483647;
			files = (
			);
			runOnlyForDeploymentPostprocessing = 0;
		};
/* End PBXResourcesBuildPhase section */

/* Begin PBXSourcesBuildPhase section */
		F462A92E2799AA4B00A0CEC6 /* Sources */ = {
			isa = PBXSourcesBuildPhase;
			buildActionMask = 2147483647;
			files = (
				F462A93F2799AA4D00A0CEC6 /* Persistence.swift in Sources */,
				F462A9422799AA4D00A0CEC6 /* SDWebImageSwiftUI_Sample.xcdatamodeld in Sources */,
				F462A9382799AA4B00A0CEC6 /* ContentView.swift in Sources */,
				F462A9362799AA4B00A0CEC6 /* SDWebImageSwiftUI_SampleApp.swift in Sources */,
			);
			runOnlyForDeploymentPostprocessing = 0;
		};
		F462A9432799AA4E00A0CEC6 /* Sources */ = {
			isa = PBXSourcesBuildPhase;
			buildActionMask = 2147483647;
			files = (
				F462A94C2799AA4E00A0CEC6 /* SDWebImageSwiftUI_SampleTests.swift in Sources */,
			);
			runOnlyForDeploymentPostprocessing = 0;
		};
		F462A94D2799AA4E00A0CEC6 /* Sources */ = {
			isa = PBXSourcesBuildPhase;
			buildActionMask = 2147483647;
			files = (
				F462A9582799AA4E00A0CEC6 /* SDWebImageSwiftUI_SampleUITestsLaunchTests.swift in Sources */,
				F462A9562799AA4E00A0CEC6 /* SDWebImageSwiftUI_SampleUITests.swift in Sources */,
			);
			runOnlyForDeploymentPostprocessing = 0;
		};
/* End PBXSourcesBuildPhase section */

/* Begin PBXTargetDependency section */
		F462A9492799AA4E00A0CEC6 /* PBXTargetDependency */ = {
			isa = PBXTargetDependency;
			target = F462A9312799AA4B00A0CEC6 /* SDWebImageSwiftUI-Sample */;
			targetProxy = F462A9482799AA4E00A0CEC6 /* PBXContainerItemProxy */;
		};
		F462A9532799AA4E00A0CEC6 /* PBXTargetDependency */ = {
			isa = PBXTargetDependency;
			target = F462A9312799AA4B00A0CEC6 /* SDWebImageSwiftUI-Sample */;
			targetProxy = F462A9522799AA4E00A0CEC6 /* PBXContainerItemProxy */;
		};
/* End PBXTargetDependency section */

/* Begin XCBuildConfiguration section */
		F462A9592799AA4E00A0CEC6 /* Debug */ = {
			isa = XCBuildConfiguration;
			buildSettings = {
				ALWAYS_SEARCH_USER_PATHS = NO;
				CLANG_ANALYZER_NONNULL = YES;
				CLANG_ANALYZER_NUMBER_OBJECT_CONVERSION = YES_AGGRESSIVE;
				CLANG_CXX_LANGUAGE_STANDARD = "gnu++17";
				CLANG_CXX_LIBRARY = "libc++";
				CLANG_ENABLE_MODULES = YES;
				CLANG_ENABLE_OBJC_ARC = YES;
				CLANG_ENABLE_OBJC_WEAK = YES;
				CLANG_WARN_BLOCK_CAPTURE_AUTORELEASING = YES;
				CLANG_WARN_BOOL_CONVERSION = YES;
				CLANG_WARN_COMMA = YES;
				CLANG_WARN_CONSTANT_CONVERSION = YES;
				CLANG_WARN_DEPRECATED_OBJC_IMPLEMENTATIONS = YES;
				CLANG_WARN_DIRECT_OBJC_ISA_USAGE = YES_ERROR;
				CLANG_WARN_DOCUMENTATION_COMMENTS = YES;
				CLANG_WARN_EMPTY_BODY = YES;
				CLANG_WARN_ENUM_CONVERSION = YES;
				CLANG_WARN_INFINITE_RECURSION = YES;
				CLANG_WARN_INT_CONVERSION = YES;
				CLANG_WARN_NON_LITERAL_NULL_CONVERSION = YES;
				CLANG_WARN_OBJC_IMPLICIT_RETAIN_SELF = YES;
				CLANG_WARN_OBJC_LITERAL_CONVERSION = YES;
				CLANG_WARN_OBJC_ROOT_CLASS = YES_ERROR;
				CLANG_WARN_QUOTED_INCLUDE_IN_FRAMEWORK_HEADER = YES;
				CLANG_WARN_RANGE_LOOP_ANALYSIS = YES;
				CLANG_WARN_STRICT_PROTOTYPES = YES;
				CLANG_WARN_SUSPICIOUS_MOVE = YES;
				CLANG_WARN_UNGUARDED_AVAILABILITY = YES_AGGRESSIVE;
				CLANG_WARN_UNREACHABLE_CODE = YES;
				CLANG_WARN__DUPLICATE_METHOD_MATCH = YES;
				COPY_PHASE_STRIP = NO;
				DEBUG_INFORMATION_FORMAT = dwarf;
				ENABLE_STRICT_OBJC_MSGSEND = YES;
				ENABLE_TESTABILITY = YES;
				GCC_C_LANGUAGE_STANDARD = gnu11;
				GCC_DYNAMIC_NO_PIC = NO;
				GCC_NO_COMMON_BLOCKS = YES;
				GCC_OPTIMIZATION_LEVEL = 0;
				GCC_PREPROCESSOR_DEFINITIONS = (
					"DEBUG=1",
					"$(inherited)",
				);
				GCC_WARN_64_TO_32_BIT_CONVERSION = YES;
				GCC_WARN_ABOUT_RETURN_TYPE = YES_ERROR;
				GCC_WARN_UNDECLARED_SELECTOR = YES;
				GCC_WARN_UNINITIALIZED_AUTOS = YES_AGGRESSIVE;
				GCC_WARN_UNUSED_FUNCTION = YES;
				GCC_WARN_UNUSED_VARIABLE = YES;
				IPHONEOS_DEPLOYMENT_TARGET = 15.0;
				MTL_ENABLE_DEBUG_INFO = INCLUDE_SOURCE;
				MTL_FAST_MATH = YES;
				ONLY_ACTIVE_ARCH = YES;
				SDKROOT = iphoneos;
				SWIFT_ACTIVE_COMPILATION_CONDITIONS = DEBUG;
				SWIFT_OPTIMIZATION_LEVEL = "-Onone";
			};
			name = Debug;
		};
		F462A95A2799AA4E00A0CEC6 /* Release */ = {
			isa = XCBuildConfiguration;
			buildSettings = {
				ALWAYS_SEARCH_USER_PATHS = NO;
				CLANG_ANALYZER_NONNULL = YES;
				CLANG_ANALYZER_NUMBER_OBJECT_CONVERSION = YES_AGGRESSIVE;
				CLANG_CXX_LANGUAGE_STANDARD = "gnu++17";
				CLANG_CXX_LIBRARY = "libc++";
				CLANG_ENABLE_MODULES = YES;
				CLANG_ENABLE_OBJC_ARC = YES;
				CLANG_ENABLE_OBJC_WEAK = YES;
				CLANG_WARN_BLOCK_CAPTURE_AUTORELEASING = YES;
				CLANG_WARN_BOOL_CONVERSION = YES;
				CLANG_WARN_COMMA = YES;
				CLANG_WARN_CONSTANT_CONVERSION = YES;
				CLANG_WARN_DEPRECATED_OBJC_IMPLEMENTATIONS = YES;
				CLANG_WARN_DIRECT_OBJC_ISA_USAGE = YES_ERROR;
				CLANG_WARN_DOCUMENTATION_COMMENTS = YES;
				CLANG_WARN_EMPTY_BODY = YES;
				CLANG_WARN_ENUM_CONVERSION = YES;
				CLANG_WARN_INFINITE_RECURSION = YES;
				CLANG_WARN_INT_CONVERSION = YES;
				CLANG_WARN_NON_LITERAL_NULL_CONVERSION = YES;
				CLANG_WARN_OBJC_IMPLICIT_RETAIN_SELF = YES;
				CLANG_WARN_OBJC_LITERAL_CONVERSION = YES;
				CLANG_WARN_OBJC_ROOT_CLASS = YES_ERROR;
				CLANG_WARN_QUOTED_INCLUDE_IN_FRAMEWORK_HEADER = YES;
				CLANG_WARN_RANGE_LOOP_ANALYSIS = YES;
				CLANG_WARN_STRICT_PROTOTYPES = YES;
				CLANG_WARN_SUSPICIOUS_MOVE = YES;
				CLANG_WARN_UNGUARDED_AVAILABILITY = YES_AGGRESSIVE;
				CLANG_WARN_UNREACHABLE_CODE = YES;
				CLANG_WARN__DUPLICATE_METHOD_MATCH = YES;
				COPY_PHASE_STRIP = NO;
				DEBUG_INFORMATION_FORMAT = "dwarf-with-dsym";
				ENABLE_NS_ASSERTIONS = NO;
				ENABLE_STRICT_OBJC_MSGSEND = YES;
				GCC_C_LANGUAGE_STANDARD = gnu11;
				GCC_NO_COMMON_BLOCKS = YES;
				GCC_WARN_64_TO_32_BIT_CONVERSION = YES;
				GCC_WARN_ABOUT_RETURN_TYPE = YES_ERROR;
				GCC_WARN_UNDECLARED_SELECTOR = YES;
				GCC_WARN_UNINITIALIZED_AUTOS = YES_AGGRESSIVE;
				GCC_WARN_UNUSED_FUNCTION = YES;
				GCC_WARN_UNUSED_VARIABLE = YES;
				IPHONEOS_DEPLOYMENT_TARGET = 15.0;
				MTL_ENABLE_DEBUG_INFO = NO;
				MTL_FAST_MATH = YES;
				SDKROOT = iphoneos;
				SWIFT_COMPILATION_MODE = wholemodule;
				SWIFT_OPTIMIZATION_LEVEL = "-O";
				VALIDATE_PRODUCT = YES;
			};
			name = Release;
		};
		F462A95C2799AA4E00A0CEC6 /* Debug */ = {
			isa = XCBuildConfiguration;
			buildSettings = {
				ASSETCATALOG_COMPILER_APPICON_NAME = AppIcon;
				ASSETCATALOG_COMPILER_GLOBAL_ACCENT_COLOR_NAME = AccentColor;
				CODE_SIGN_STYLE = Automatic;
				CURRENT_PROJECT_VERSION = 1;
				DEVELOPMENT_ASSET_PATHS = "\"SDWebImageSwiftUI-Sample/Preview Content\"";
				DEVELOPMENT_TEAM = S3PW95J64Q;
				ENABLE_PREVIEWS = YES;
				GENERATE_INFOPLIST_FILE = YES;
				INFOPLIST_KEY_UIApplicationSceneManifest_Generation = YES;
				INFOPLIST_KEY_UIApplicationSupportsIndirectInputEvents = YES;
				INFOPLIST_KEY_UILaunchScreen_Generation = YES;
				INFOPLIST_KEY_UISupportedInterfaceOrientations_iPad = "UIInterfaceOrientationPortrait UIInterfaceOrientationPortraitUpsideDown UIInterfaceOrientationLandscapeLeft UIInterfaceOrientationLandscapeRight";
				INFOPLIST_KEY_UISupportedInterfaceOrientations_iPhone = "UIInterfaceOrientationPortrait UIInterfaceOrientationLandscapeLeft UIInterfaceOrientationLandscapeRight";
				LD_RUNPATH_SEARCH_PATHS = (
					"$(inherited)",
					"@executable_path/Frameworks",
				);
				MARKETING_VERSION = 1.0;
				PRODUCT_BUNDLE_IDENTIFIER = "com.Hiroaki-Hirabayashi.SDWebImageSwiftUI-Sample";
				PRODUCT_NAME = "$(TARGET_NAME)";
				SWIFT_EMIT_LOC_STRINGS = YES;
				SWIFT_VERSION = 5.0;
				TARGETED_DEVICE_FAMILY = "1,2";
			};
			name = Debug;
		};
		F462A95D2799AA4E00A0CEC6 /* Release */ = {
			isa = XCBuildConfiguration;
			buildSettings = {
				ASSETCATALOG_COMPILER_APPICON_NAME = AppIcon;
				ASSETCATALOG_COMPILER_GLOBAL_ACCENT_COLOR_NAME = AccentColor;
				CODE_SIGN_STYLE = Automatic;
				CURRENT_PROJECT_VERSION = 1;
				DEVELOPMENT_ASSET_PATHS = "\"SDWebImageSwiftUI-Sample/Preview Content\"";
				DEVELOPMENT_TEAM = S3PW95J64Q;
				ENABLE_PREVIEWS = YES;
				GENERATE_INFOPLIST_FILE = YES;
				INFOPLIST_KEY_UIApplicationSceneManifest_Generation = YES;
				INFOPLIST_KEY_UIApplicationSupportsIndirectInputEvents = YES;
				INFOPLIST_KEY_UILaunchScreen_Generation = YES;
				INFOPLIST_KEY_UISupportedInterfaceOrientations_iPad = "UIInterfaceOrientationPortrait UIInterfaceOrientationPortraitUpsideDown UIInterfaceOrientationLandscapeLeft UIInterfaceOrientationLandscapeRight";
				INFOPLIST_KEY_UISupportedInterfaceOrientations_iPhone = "UIInterfaceOrientationPortrait UIInterfaceOrientationLandscapeLeft UIInterfaceOrientationLandscapeRight";
				LD_RUNPATH_SEARCH_PATHS = (
					"$(inherited)",
					"@executable_path/Frameworks",
				);
				MARKETING_VERSION = 1.0;
				PRODUCT_BUNDLE_IDENTIFIER = "com.Hiroaki-Hirabayashi.SDWebImageSwiftUI-Sample";
				PRODUCT_NAME = "$(TARGET_NAME)";
				SWIFT_EMIT_LOC_STRINGS = YES;
				SWIFT_VERSION = 5.0;
				TARGETED_DEVICE_FAMILY = "1,2";
			};
			name = Release;
		};
		F462A95F2799AA4E00A0CEC6 /* Debug */ = {
			isa = XCBuildConfiguration;
			buildSettings = {
				ALWAYS_EMBED_SWIFT_STANDARD_LIBRARIES = YES;
				BUNDLE_LOADER = "$(TEST_HOST)";
				CODE_SIGN_STYLE = Automatic;
				CURRENT_PROJECT_VERSION = 1;
				DEVELOPMENT_TEAM = S3PW95J64Q;
				GENERATE_INFOPLIST_FILE = YES;
				IPHONEOS_DEPLOYMENT_TARGET = 15.0;
				LD_RUNPATH_SEARCH_PATHS = (
					"$(inherited)",
					"@executable_path/Frameworks",
					"@loader_path/Frameworks",
				);
				MARKETING_VERSION = 1.0;
				PRODUCT_BUNDLE_IDENTIFIER = "com.Hiroaki-Hirabayashi.SDWebImageSwiftUI-SampleTests";
				PRODUCT_NAME = "$(TARGET_NAME)";
				SWIFT_EMIT_LOC_STRINGS = NO;
				SWIFT_VERSION = 5.0;
				TARGETED_DEVICE_FAMILY = "1,2";
				TEST_HOST = "$(BUILT_PRODUCTS_DIR)/SDWebImageSwiftUI-Sample.app/SDWebImageSwiftUI-Sample";
			};
			name = Debug;
		};
		F462A9602799AA4E00A0CEC6 /* Release */ = {
			isa = XCBuildConfiguration;
			buildSettings = {
				ALWAYS_EMBED_SWIFT_STANDARD_LIBRARIES = YES;
				BUNDLE_LOADER = "$(TEST_HOST)";
				CODE_SIGN_STYLE = Automatic;
				CURRENT_PROJECT_VERSION = 1;
				DEVELOPMENT_TEAM = S3PW95J64Q;
				GENERATE_INFOPLIST_FILE = YES;
				IPHONEOS_DEPLOYMENT_TARGET = 15.0;
				LD_RUNPATH_SEARCH_PATHS = (
					"$(inherited)",
					"@executable_path/Frameworks",
					"@loader_path/Frameworks",
				);
				MARKETING_VERSION = 1.0;
				PRODUCT_BUNDLE_IDENTIFIER = "com.Hiroaki-Hirabayashi.SDWebImageSwiftUI-SampleTests";
				PRODUCT_NAME = "$(TARGET_NAME)";
				SWIFT_EMIT_LOC_STRINGS = NO;
				SWIFT_VERSION = 5.0;
				TARGETED_DEVICE_FAMILY = "1,2";
				TEST_HOST = "$(BUILT_PRODUCTS_DIR)/SDWebImageSwiftUI-Sample.app/SDWebImageSwiftUI-Sample";
			};
			name = Release;
		};
		F462A9622799AA4E00A0CEC6 /* Debug */ = {
			isa = XCBuildConfiguration;
			buildSettings = {
				ALWAYS_EMBED_SWIFT_STANDARD_LIBRARIES = YES;
				CODE_SIGN_STYLE = Automatic;
				CURRENT_PROJECT_VERSION = 1;
				DEVELOPMENT_TEAM = S3PW95J64Q;
				GENERATE_INFOPLIST_FILE = YES;
				LD_RUNPATH_SEARCH_PATHS = (
					"$(inherited)",
					"@executable_path/Frameworks",
					"@loader_path/Frameworks",
				);
				MARKETING_VERSION = 1.0;
				PRODUCT_BUNDLE_IDENTIFIER = "com.Hiroaki-Hirabayashi.SDWebImageSwiftUI-SampleUITests";
				PRODUCT_NAME = "$(TARGET_NAME)";
				SWIFT_EMIT_LOC_STRINGS = NO;
				SWIFT_VERSION = 5.0;
				TARGETED_DEVICE_FAMILY = "1,2";
				TEST_TARGET_NAME = "SDWebImageSwiftUI-Sample";
			};
			name = Debug;
		};
		F462A9632799AA4E00A0CEC6 /* Release */ = {
			isa = XCBuildConfiguration;
			buildSettings = {
				ALWAYS_EMBED_SWIFT_STANDARD_LIBRARIES = YES;
				CODE_SIGN_STYLE = Automatic;
				CURRENT_PROJECT_VERSION = 1;
				DEVELOPMENT_TEAM = S3PW95J64Q;
				GENERATE_INFOPLIST_FILE = YES;
				LD_RUNPATH_SEARCH_PATHS = (
					"$(inherited)",
					"@executable_path/Frameworks",
					"@loader_path/Frameworks",
				);
				MARKETING_VERSION = 1.0;
				PRODUCT_BUNDLE_IDENTIFIER = "com.Hiroaki-Hirabayashi.SDWebImageSwiftUI-SampleUITests";
				PRODUCT_NAME = "$(TARGET_NAME)";
				SWIFT_EMIT_LOC_STRINGS = NO;
				SWIFT_VERSION = 5.0;
				TARGETED_DEVICE_FAMILY = "1,2";
				TEST_TARGET_NAME = "SDWebImageSwiftUI-Sample";
			};
			name = Release;
		};
/* End XCBuildConfiguration section */

/* Begin XCConfigurationList section */
		F462A92D2799AA4B00A0CEC6 /* Build configuration list for PBXProject "SDWebImageSwiftUI-Sample" */ = {
			isa = XCConfigurationList;
			buildConfigurations = (
				F462A9592799AA4E00A0CEC6 /* Debug */,
				F462A95A2799AA4E00A0CEC6 /* Release */,
			);
			defaultConfigurationIsVisible = 0;
			defaultConfigurationName = Release;
		};
		F462A95B2799AA4E00A0CEC6 /* Build configuration list for PBXNativeTarget "SDWebImageSwiftUI-Sample" */ = {
			isa = XCConfigurationList;
			buildConfigurations = (
				F462A95C2799AA4E00A0CEC6 /* Debug */,
				F462A95D2799AA4E00A0CEC6 /* Release */,
			);
			defaultConfigurationIsVisible = 0;
			defaultConfigurationName = Release;
		};
		F462A95E2799AA4E00A0CEC6 /* Build configuration list for PBXNativeTarget "SDWebImageSwiftUI-SampleTests" */ = {
			isa = XCConfigurationList;
			buildConfigurations = (
				F462A95F2799AA4E00A0CEC6 /* Debug */,
				F462A9602799AA4E00A0CEC6 /* Release */,
			);
			defaultConfigurationIsVisible = 0;
			defaultConfigurationName = Release;
		};
		F462A9612799AA4E00A0CEC6 /* Build configuration list for PBXNativeTarget "SDWebImageSwiftUI-SampleUITests" */ = {
			isa = XCConfigurationList;
			buildConfigurations = (
				F462A9622799AA4E00A0CEC6 /* Debug */,
				F462A9632799AA4E00A0CEC6 /* Release */,
			);
			defaultConfigurationIsVisible = 0;
			defaultConfigurationName = Release;
		};
/* End XCConfigurationList section */

/* Begin XCVersionGroup section */
		F462A9402799AA4D00A0CEC6 /* SDWebImageSwiftUI_Sample.xcdatamodeld */ = {
			isa = XCVersionGroup;
			children = (
				F462A9412799AA4D00A0CEC6 /* SDWebImageSwiftUI_Sample.xcdatamodel */,
			);
			currentVersion = F462A9412799AA4D00A0CEC6 /* SDWebImageSwiftUI_Sample.xcdatamodel */;
			path = SDWebImageSwiftUI_Sample.xcdatamodeld;
			sourceTree = "<group>";
			versionGroupType = wrapper.xcdatamodel;
		};
/* End XCVersionGroup section */
	};
	rootObject = F462A92A2799AA4B00A0CEC6 /* Project object */;
}
